Microsoft Visual Studio Solution File, Format Version 12.00
# Visual Studio 2012
Project("{FAE04EC0-301F-11D3-BF4B-00C04F79EFBC}") = "sts2decktracker", "sts2decktracker.csproj", "{626EE3A2-2317-400F-8DCB-D88EDD4C557E}"
EndProject
Global
	GlobalSection(SolutionConfigurationPlatforms) = preSolution
	Debug|Any CPU = Debug|Any CPU
	ExportDebug|Any CPU = ExportDebug|Any CPU
	ExportRelease|Any CPU = ExportRelease|Any CPU
	EndGlobalSection
	GlobalSection(ProjectConfigurationPlatforms) = postSolution
		{626EE3A2-2317-400F-8DCB-D88EDD4C557E}.Debug|Any CPU.ActiveCfg = Debug|Any CPU
		{626EE3A2-2317-400F-8DCB-D88EDD4C557E}.Debug|Any CPU.Build.0 = Debug|Any CPU
		{626EE3A2-2317-400F-8DCB-D88EDD4C557E}.ExportDebug|Any CPU.ActiveCfg = ExportDebug|Any CPU
		{626EE3A2-2317-400F-8DCB-D88EDD4C557E}.ExportDebug|Any CPU.Build.0 = ExportDebug|Any CPU
		{626EE3A2-2317-400F-8DCB-D88EDD4C557E}.ExportRelease|Any CPU.ActiveCfg = ExportRelease|Any CPU
		{626EE3A2-2317-400F-8DCB-D88EDD4C557E}.ExportRelease|Any CPU.Build.0 = ExportRelease|Any CPU
	EndGlobalSection
EndGlobal
